PODS:
  - MHDummyLib (1.0.0)

DEPENDENCIES:
  - MHDummyLib (from `../MHPodspecs/MHDummyLib/1.0.0/MHDummyLib.podspec`)

EXTERNAL SOURCES:
  MHDummyLib:
    :podspec: ../MHPodspecs/MHDummyLib/1.0.0/MHDummyLib.podspec

CHECKOUT OPTIONS:
  MHDummyLib:
    :commit: 822462c235c015b0fed5e39679125f7005123816
    :git: https://github.com/MichaelHackett/MHDummyLib.git

SPEC CHECKSUMS:
  MHDummyLib: 03475080b61d774147e7e4cdd70428a803c199c7

COCOAPODS: 0.36.3
